
Microsoft Visual Studio Solution File, Format Version 12.00
# Visual Studio Version 17
VisualStudioVersion = 17.8.34330.188
MinimumVisualStudioVersion = 10.0.40219.1
Project("{FAE04EC0-301F-11D3-BF4B-00C04F79EFBC}") = "ConsoleApp1", "ConsoleApp1\ConsoleApp1.csproj", "{73D141EF-98F2-4531-8460-CA48F2814BDA}"
EndProject
Global
	GlobalSection(SolutionConfigurationPlatforms) = preSolution
		Debug|Any CPU = Debug|Any CPU
		Release|Any CPU = Release|Any CPU
	EndGlobalSection
	GlobalSection(ProjectConfigurationPlatforms) = postSolution
		{73D141EF-98F2-4531-8460-CA48F2814BDA}.Debug|Any CPU.ActiveCfg = Debug|Any CPU
		{73D141EF-98F2-4531-8460-CA48F2814BDA}.Debug|Any CPU.Build.0 = Debug|Any CPU
		{73D141EF-98F2-4531-8460-CA48F2814BDA}.Release|Any CPU.ActiveCfg = Release|Any CPU
		{73D141EF-98F2-4531-8460-CA48F2814BDA}.Release|Any CPU.Build.0 = Release|Any CPU
	EndGlobalSection
	GlobalSection(SolutionProperties) = preSolution
		HideSolutionNode = FALSE
	EndGlobalSection
	GlobalSection(ExtensibilityGlobals) = postSolution
		SolutionGuid = {2754FDF5-AE64-43BF-946D-AC70696F7BE7}
	EndGlobalSection
EndGlobal
